{
  "name": "zcap-py-digitalbazaar-kat-generator",
  "version": "1.0.0",
  "lockfileVersion": 3,
  "requires": true,
  "packages": {
    "": {
      "name": "zcap-py-digitalbazaar-kat-generator",
      "version": "1.0.0",
      "dependencies": {
        "@digitalbazaar/did-method-key": "^5.3.0",
        "@digitalbazaar/ed25519-signature-2020": "^5.4.0",
        "@digitalbazaar/ed25519-verification-key-2020": "^4.2.0",
        "@digitalbazaar/security-document-loader": "^3.2.0",
        "@digitalbazaar/zcap": "^9.0.1",
        "jsonld-signatures": "^11.6.0"
      }
    },
    "node_modules/@digitalbazaar/credentials-context": {
      "version": "3.2.0",
      "resolved": "https://registry.npmjs.org/@digitalbazaar/credentials-context/-/credentials-context-3.2.0.tgz",
      "integrity": "sha512-WruXZAF182pCYq/z2JPJ4N4mVDu6pd/hr7widdCqbKekA53BXHoX7XhL9tmRmQ8kfmkaStBfla67QHhkchWYBQ==",
      "license": "SEE LICENSE IN LICENSE.md"
    },
    "node_modules/@digitalbazaar/did-io": {
      "version": "2.2.0",
      "resolved": "https://registry.npmjs.org/@digitalbazaar/did-io/-/did-io-2.2.0.tgz",
      "integrity": "sha512-mpctgSf/CWsr/OKMi7hgKXEp6zv0+6j39TQceehYO1/NsqspP4CO76vtljOC/KORpFuF8W5yISyF3nkcRHFgSQ==",
      "license": "BSD-3-Clause",
      "dependencies": {
        "@digitalbazaar/lru-memoize": "^4.0.0"
      },
      "engines": {
        "node": ">=14"
      }
    },
    "node_modules/@digitalbazaar/did-method-key": {
      "version": "5.3.0",
      "resolved": "https://registry.npmjs.org/@digitalbazaar/did-method-key/-/did-method-key-5.3.0.tgz",
      "integrity": "sha512-bncVchDJgEo1G+jJUeecKMskdc65fiiHEIBb44yjj+/3+P3l+WMW9ozCH4ktQIHf+2/FlBFEsH+B42COeE1BVg==",
      "license": "BSD-3-Clause",
      "dependencies": {
        "@digitalbazaar/did-io": "^2.0.0",
        "@digitalbazaar/ed25519-multikey": "^1.3.1",
        "@digitalbazaar/x25519-key-agreement-key-2020": "^3.0.0"
      },
      "engines": {
        "node": ">=16"
      }
    },
    "node_modules/@digitalbazaar/ed25519-multikey": {
      "version": "1.3.1",
      "resolved": "https://registry.npmjs.org/@digitalbazaar/ed25519-multikey/-/ed25519-multikey-1.3.1.tgz",
      "integrity": "sha512-55qIbOaAyswVCFfZ70ap7SN2bDSwYmcVbUtGCrpVF/CjuJ8IPqf6z8fDPJzB+CE7Q896SaZlcDukz4LOwIRCPA==",
      "license": "BSD-3-Clause",
      "dependencies": {
        "@noble/ed25519": "^1.6.0",
        "base58-universal": "^2.0.0",
        "base64url-universal": "^2.0.0"
      },
      "engines": {
        "node": ">=16"
      }
    },
    "node_modules/@digitalbazaar/ed25519-signature-2020": {
      "version": "5.4.0",
      "resolved": "https://registry.npmjs.org/@digitalbazaar/ed25519-signature-2020/-/ed25519-signature-2020-5.4.0.tgz",
      "integrity": "sha512-dHjOv41wiKLoPaE1S9g4NCMKNnelYtBa5fCJKwrqo+cPlLuKcEhtD7w/uuc5non7bf/GX5sa5YfDI/sRUOS6iw==",
      "license": "BSD-3-Clause",
      "dependencies": {
        "@digitalbazaar/ed25519-multikey": "^1.1.0",
        "@digitalbazaar/ed25519-verification-key-2020": "^4.1.0",
        "base58-universal": "^2.0.0",
        "ed25519-signature-2020-context": "^1.1.0",
        "jsonld-signatures": "^11.3.0"
      },
      "engines": {
        "node": ">=18"
      }
    },
    "node_modules/@digitalbazaar/ed25519-verification-key-2020": {
      "version": "4.2.0",
      "resolved": "https://registry.npmjs.org/@digitalbazaar/ed25519-verification-key-2020/-/ed25519-verification-key-2020-4.2.0.tgz",
      "integrity": "sha512-urEVTYkt+uYD8GjdoS6gkm2sKBich1hqx42b6vvUOmNgF0agZ95JlUjiJXEx+VOwu7WSjJSnEBph2Qatkrk1CA==",
      "license": "BSD-3-Clause",
      "dependencies": {
        "@noble/ed25519": "^1.6.0",
        "base58-universal": "^2.0.0",
        "base64url-universal": "^2.0.0",
        "crypto-ld": "^7.0.0"
      },
      "engines": {
        "node": ">=14"
      }
    },
    "node_modules/@digitalbazaar/http-client": {
      "version": "4.3.0",
      "resolved": "https://registry.npmjs.org/@digitalbazaar/http-client/-/http-client-4.3.0.tgz",
      "integrity": "sha512-6lMpxpt9BOmqHKGs9Xm6DP4LlZTBFer/ZjHvP3FcW3IaUWYIWC7dw5RFZnvw4fP57kAVcm1dp3IF+Y50qhBvAw==",
      "license": "BSD-3-Clause",
      "dependencies": {
        "ky": "^1.14.2",
        "undici": "^6.23.0"
      },
      "engines": {
        "node": ">=18.0"
      }
    },
    "node_modules/@digitalbazaar/lru-memoize": {
      "version": "4.0.0",
      "resolved": "https://registry.npmjs.org/@digitalbazaar/lru-memoize/-/lru-memoize-4.0.0.tgz",
      "integrity": "sha512-ScN6RH3e9ktTjR+x+WnyGxRZj3u+PCzPgOY3WUFeYaabhuxUFl2BhBL0VVlEzpv411YjBerCBX0iPZ0CnSb8YA==",
      "license": "BSD-3-Clause",
      "dependencies": {
        "lru-cache": "^11.1.0"
      },
      "engines": {
        "node": ">=14"
      }
    },
    "node_modules/@digitalbazaar/security-context": {
      "version": "1.0.1",
      "resolved": "https://registry.npmjs.org/@digitalbazaar/security-context/-/security-context-1.0.1.tgz",
      "integrity": "sha512-0WZa6tPiTZZF8leBtQgYAfXQePFQp2z5ivpCEN/iZguYYZ0TB9qRmWtan5XH6mNFuusHtMcyIzAcReyE6rZPhA==",
      "license": "BSD-3-Clause"
    },
    "node_modules/@digitalbazaar/security-document-loader": {
      "version": "3.2.0",
      "resolved": "https://registry.npmjs.org/@digitalbazaar/security-document-loader/-/security-document-loader-3.2.0.tgz",
      "integrity": "sha512-Ae/degR6a6wdEpG8AuCUaGhfHWJ5Y4jg8Gw+8OLF2/pC1U6Sb6GjE3ZTl1EfZ6x06s1qq3LETf2DI40nZcFVig==",
      "license": "BSD-3-Clause",
      "dependencies": {
        "@digitalbazaar/credentials-context": "^3.2.0",
        "@digitalbazaar/did-io": "^2.1.0",
        "@digitalbazaar/did-method-key": "^5.3.0",
        "@digitalbazaar/ed25519-verification-key-2020": "^4.2.0",
        "did-context": "^3.1.1",
        "ed25519-signature-2020-context": "^1.1.0",
        "jsonld-document-loader": "^2.3.0",
        "veres-one-context": "^12.0.0",
        "x25519-key-agreement-2020-context": "^1.0.0"
      },
      "engines": {
        "node": ">=18"
      }
    },
    "node_modules/@digitalbazaar/x25519-key-agreement-key-2020": {
      "version": "3.0.1",
      "resolved": "https://registry.npmjs.org/@digitalbazaar/x25519-key-agreement-key-2020/-/x25519-key-agreement-key-2020-3.0.1.tgz",
      "integrity": "sha512-GmpPEc3ZD/7fz3St38ELa8qgJzjfTxCJi7cwAYPAcZ8Iynldj8sSf2hIblYjjlB82pIENhyXLQHcIALluGcrqA==",
      "license": "BSD-3-Clause",
      "dependencies": {
        "@noble/ed25519": "^1.6.0",
        "base58-universal": "^2.0.0",
        "crypto-ld": "^7.0.0",
        "tweetnacl": "^1.0.3"
      },
      "engines": {
        "node": ">=14"
      }
    },
    "node_modules/@digitalbazaar/zcap": {
      "version": "9.0.1",
      "resolved": "https://registry.npmjs.org/@digitalbazaar/zcap/-/zcap-9.0.1.tgz",
      "integrity": "sha512-KyB/88YLaHDgSL/7RrC/IY+G60QsdXX6Dw1zeh04+MsIFKmAhgfoTRoUtben/cikqg+OYsjhJn+wwWNSf5LJwA==",
      "license": "BSD-3-Clause",
      "dependencies": {
        "@digitalbazaar/zcap-context": "^2.0.0",
        "jsonld-signatures": "^11.0.0"
      },
      "engines": {
        "node": ">=18"
      }
    },
    "node_modules/@digitalbazaar/zcap-context": {
      "version": "2.0.1",
      "resolved": "https://registry.npmjs.org/@digitalbazaar/zcap-context/-/zcap-context-2.0.1.tgz",
      "integrity": "sha512-H+5O2QP5XJZuP8D4T2hZStxK3+ynu/yamvQKUTVNTiqAXeWshmEthSTMrX8aS5edgOtJjvdNUNuJ5mePW/DPcQ==",
      "license": "BSD-3-Clause",
      "engines": {
        "node": ">=18"
      }
    },
    "node_modules/@noble/ed25519": {
      "version": "1.7.5",
      "resolved": "https://registry.npmjs.org/@noble/ed25519/-/ed25519-1.7.5.tgz",
      "integrity": "sha512-xuS0nwRMQBvSxDa7UxMb61xTiH3MxTgUfhyPUALVIe0FlOAz4sjELwyDRyUvqeEYfRSG9qNjFIycqLZppg4RSA==",
      "funding": [
        {
          "type": "individual",
          "url": "https://paulmillr.com/funding/"
        }
      ],
      "license": "MIT"
    },
    "node_modules/base58-universal": {
      "version": "2.0.0",
      "resolved": "https://registry.npmjs.org/base58-universal/-/base58-universal-2.0.0.tgz",
      "integrity": "sha512-BgkgF8zVLOAygszG4W8NkLm7iXrw80VYAOcedrzANrIhS14+4W6zVqjyGTFUBM/FpqkHUt8aAYd4DbBBfn3zKg==",
      "license": "BSD-3-Clause",
      "engines": {
        "node": ">=14"
      }
    },
    "node_modules/base64url": {
      "version": "3.0.1",
      "resolved": "https://registry.npmjs.org/base64url/-/base64url-3.0.1.tgz",
      "integrity": "sha512-ir1UPr3dkwexU7FdV8qBBbNDRUhMmIekYMFZfi+C/sLNnRESKPl23nB9b2pltqfOQNnGzsDdId90AEtG5tCx4A==",
      "license": "MIT",
      "engines": {
        "node": ">=6.0.0"
      }
    },
    "node_modules/base64url-universal": {
      "version": "2.0.0",
      "resolved": "https://registry.npmjs.org/base64url-universal/-/base64url-universal-2.0.0.tgz",
      "integrity": "sha512-6Hpg7EBf3t148C3+fMzjf+CHnADVDafWzlJUXAqqqbm4MKNXbsoPdOkWeRTjNlkYG7TpyjIpRO1Gk0SnsFD1rw==",
      "license": "BSD-3-Clause",
      "dependencies": {
        "base64url": "^3.0.1"
      },
      "engines": {
        "node": ">=14"
      }
    },
    "node_modules/canonicalize": {
      "version": "2.1.0",
      "resolved": "https://registry.npmjs.org/canonicalize/-/canonicalize-2.1.0.tgz",
      "integrity": "sha512-F705O3xrsUtgt98j7leetNhTWPe+5S72rlL5O4jA1pKqBVQ/dT1O1D6PFxmSXvc0SUOinWS57DKx0I3CHrXJHQ==",
      "license": "Apache-2.0",
      "bin": {
        "canonicalize": "bin/canonicalize.js"
      }
    },
    "node_modules/crypto-ld": {
      "version": "7.0.0",
      "resolved": "https://registry.npmjs.org/crypto-ld/-/crypto-ld-7.0.0.tgz",
      "integrity": "sha512-RrXy6aB0TOhSiqsgavTQt1G8mKomKIaNLb2JZxj7A/Vi0EwmXguuBQoeiAvePfK6bDR3uQbqYnaLLs4irTWwgw==",
      "license": "BSD-3-Clause",
      "engines": {
        "node": ">=14"
      }
    },
    "node_modules/did-context": {
      "version": "3.1.1",
      "resolved": "https://registry.npmjs.org/did-context/-/did-context-3.1.1.tgz",
      "integrity": "sha512-iFpszgSxc7d1kNBJWC+PAzNTpe5LPalzsIunTMIpbG3O37Q7Zi7u4iIaedaM7UhziBhT+Agr9DyvAiXSUyfepQ==",
      "license": "SEE LICENSE IN LICENSE.md"
    },
    "node_modules/ed25519-signature-2020-context": {
      "version": "1.1.0",
      "resolved": "https://registry.npmjs.org/ed25519-signature-2020-context/-/ed25519-signature-2020-context-1.1.0.tgz",
      "integrity": "sha512-dBGSmoUIK6h2vadDctrDnhhTO01PR2hJk0mRNEfrRDPCjaIwrfy4J+eziEQ9Q1m8By4f/CSRgKM1h53ydKfdNg==",
      "license": "BSD-3-Clause"
    },
    "node_modules/jsonld": {
      "version": "9.0.0",
      "resolved": "https://registry.npmjs.org/jsonld/-/jsonld-9.0.0.tgz",
      "integrity": "sha512-pjMIdkXfC1T2wrX9B9i2uXhGdyCmgec3qgMht+TDj+S0qX3bjWMQUfL7NeqEhuRTi8G5ESzmL9uGlST7nzSEWg==",
      "license": "BSD-3-Clause",
      "dependencies": {
        "@digitalbazaar/http-client": "^4.2.0",
        "canonicalize": "^2.1.0",
        "lru-cache": "^6.0.0",
        "rdf-canonize": "^5.0.0"
      },
      "engines": {
        "node": ">=18"
      }
    },
    "node_modules/jsonld-document-loader": {
      "version": "2.3.0",
      "resolved": "https://registry.npmjs.org/jsonld-document-loader/-/jsonld-document-loader-2.3.0.tgz",
      "integrity": "sha512-u06N5O5sCewgXyxFnnRSm0w3o47ps834QjYzpOMc13Nq+AJQd/JGYrW/WZnz5D+8NEvnKXph7AFi6MA7ZJ8Q0Q==",
      "license": "BSD-3-Clause",
      "engines": {
        "node": ">=18"
      }
    },
    "node_modules/jsonld-signatures": {
      "version": "11.6.0",
      "resolved": "https://registry.npmjs.org/jsonld-signatures/-/jsonld-signatures-11.6.0.tgz",
      "integrity": "sha512-hzYNZXnfy4cUFf9aiFBtduUz+cknbfBLWtTKvoqVyP2ECPwqfsfkHWFlhccWfAKV/LJkPLyKZRwC1B4T5LO4ZQ==",
      "license": "BSD-3-Clause",
      "dependencies": {
        "@digitalbazaar/security-context": "^1.0.0",
        "jsonld": "^9.0.0",
        "rdf-canonize": "^5.0.0",
        "serialize-error": "^8.1.0"
      },
      "engines": {
        "node": ">=18"
      }
    },
    "node_modules/jsonld/node_modules/lru-cache": {
      "version": "6.0.0",
      "resolved": "https://registry.npmjs.org/lru-cache/-/lru-cache-6.0.0.tgz",
      "integrity": "sha512-Jo6dJ04CmSjuznwJSS3pUeWmd/H0ffTlkXXgwZi+eq1UCmqQwCh+eLsYOYCwY991i2Fah4h1BEMCx4qThGbsiA==",
      "license": "ISC",
      "dependencies": {
        "yallist": "^4.0.0"
      },
      "engines": {
        "node": ">=10"
      }
    },
    "node_modules/ky": {
      "version": "1.14.3",
      "resolved": "https://registry.npmjs.org/ky/-/ky-1.14.3.tgz",
      "integrity": "sha512-9zy9lkjac+TR1c2tG+mkNSVlyOpInnWdSMiue4F+kq8TwJSgv6o8jhLRg8Ho6SnZ9wOYUq/yozts9qQCfk7bIw==",
      "license": "MIT",
      "engines": {
        "node": ">=18"
      },
      "funding": {
        "url": "https://github.com/sindresorhus/ky?sponsor=1"
      }
    },
    "node_modules/lru-cache": {
      "version": "11.5.1",
      "resolved": "https://registry.npmjs.org/lru-cache/-/lru-cache-11.5.1.tgz",
      "integrity": "sha512-RPimw/7aMdv2oqRrxKwvZXcPfwBrn/JZ2xYcY9Hus/6LaS3VOAKVWKWgNLCFSiOm1ESXinjsDlidVU7JlnCN2A==",
      "license": "BlueOak-1.0.0",
      "engines": {
        "node": "20 || >=22"
      }
    },
    "node_modules/rdf-canonize": {
      "version": "5.0.0",
      "resolved": "https://registry.npmjs.org/rdf-canonize/-/rdf-canonize-5.0.0.tgz",
      "integrity": "sha512-g8OUrgMXAR9ys/ZuJVfBr05sPPoMA7nHIVs8VEvg9QwM5W4GR2qSFEEHjsyHF1eWlBaf8Ev40WNjQFQ+nJTO3w==",
      "license": "BSD-3-Clause",
      "dependencies": {
        "setimmediate": "^1.0.5"
      },
      "engines": {
        "node": ">=18"
      }
    },
    "node_modules/serialize-error": {
      "version": "8.1.0",
      "resolved": "https://registry.npmjs.org/serialize-error/-/serialize-error-8.1.0.tgz",
      "integrity": "sha512-3NnuWfM6vBYoy5gZFvHiYsVbafvI9vZv/+jlIigFn4oP4zjNPK3LhcY0xSCgeb1a5L8jO71Mit9LlNoi2UfDDQ==",
      "license": "MIT",
      "dependencies": {
        "type-fest": "^0.20.2"
      },
      "engines": {
        "node": ">=10"
      },
      "funding": {
        "url": "https://github.com/sponsors/sindresorhus"
      }
    },
    "node_modules/setimmediate": {
      "version": "1.0.5",
      "resolved": "https://registry.npmjs.org/setimmediate/-/setimmediate-1.0.5.tgz",
      "integrity": "sha512-MATJdZp8sLqDl/68LfQmbP8zKPLQNV6BIZoIgrscFDQ+RsvK/BxeDQOgyxKKoh0y/8h3BqVFnCqQ/gd+reiIXA==",
      "license": "MIT"
    },
    "node_modules/tweetnacl": {
      "version": "1.0.3",
      "resolved": "https://registry.npmjs.org/tweetnacl/-/tweetnacl-1.0.3.tgz",
      "integrity": "sha512-6rt+RN7aOi1nGMyC4Xa5DdYiukl2UWCbcJft7YhxReBGQD7OAM8Pbxw6YMo4r2diNEA8FEmu32YOn9rhaiE5yw==",
      "license": "Unlicense"
    },
    "node_modules/type-fest": {
      "version": "0.20.2",
      "resolved": "https://registry.npmjs.org/type-fest/-/type-fest-0.20.2.tgz",
      "integrity": "sha512-Ne+eE4r0/iWnpAxD852z3A+N0Bt5RN//NjJwRd2VFHEmrywxf5vsZlh4R6lixl6B+wz/8d+maTSAkN1FIkI3LQ==",
      "license": "(MIT OR CC0-1.0)",
      "engines": {
        "node": ">=10"
      },
      "funding": {
        "url": "https://github.com/sponsors/sindresorhus"
      }
    },
    "node_modules/undici": {
      "version": "6.27.0",
      "resolved": "https://registry.npmjs.org/undici/-/undici-6.27.0.tgz",
      "integrity": "sha512-YmfV3YnEDzXRC5lZ2jWtWWHKGUm1zIt8AhesR1tens+HTNv+YZlN/dp6G727LOvMJ8xjP9Be7Y2Sdr96LDm+pg==",
      "license": "MIT",
      "engines": {
        "node": ">=18.17"
      }
    },
    "node_modules/veres-one-context": {
      "version": "12.0.0",
      "resolved": "https://registry.npmjs.org/veres-one-context/-/veres-one-context-12.0.0.tgz",
      "integrity": "sha512-DjXoHmVGlW46MWfW1hvoth1BUENIxgGDWeQi54v6KbKSTk40n2h760wWjgwQXmeHxMsfZrYkWbJ3d7F1SOI4jg=="
    },
    "node_modules/x25519-key-agreement-2020-context": {
      "version": "1.0.0",
      "resolved": "https://registry.npmjs.org/x25519-key-agreement-2020-context/-/x25519-key-agreement-2020-context-1.0.0.tgz",
      "integrity": "sha512-zblYd8oSg6hNAD+fA9X7ek1hJQRircl3jVlEVCaBTNN9Mv9b4G32uJvRZFMQEMmda8iaTtYo9i2dRMdXX8pjpA==",
      "license": "BSD-3-Clause"
    },
    "node_modules/yallist": {
      "version": "4.0.0",
      "resolved": "https://registry.npmjs.org/yallist/-/yallist-4.0.0.tgz",
      "integrity": "sha512-3wdGidZyq5PB084XLES5TpOSRA3wjXAlIWMhum2kRcv/41Sn2emQ0dycQW4uZXLejwKvg6EsvbdlVL+FYEct7A==",
      "license": "ISC"
    }
  }
}
